// !$*UTF8*$!
{
	archiveVersion = 1;
	classes = {
	};
	objectVersion = 51;
	objects = {

/* Begin PBXBuildFile section */
		9F9FA6D754DD0FB89E0B024F /* Pods_agentCoronas.framework in Frameworks */ = {isa = PBXBuildFile; fileRef = 1BC0E89CEF1387857208F54C /* Pods_agentCoronas.framework */; };
		B76AC5A425706D4900DD5D30 /* SceneMaps.storyboard in Resources */ = {isa = PBXBuildFile; fileRef = B76AC5A325706D4900DD5D30 /* SceneMaps.storyboard */; };
		B76AC5AB257074BC00DD5D30 /* SceneMapsController.swift in Sources */ = {isa = PBXBuildFile; fileRef = B76AC5AA257074BC00DD5D30 /* SceneMapsController.swift */; };
		B778FE7E256F02A5000F5E36 /* Assets.xcassets in Resources */ = {isa = PBXBuildFile; fileRef = B778FE7D256F02A5000F5E36 /* Assets.xcassets */; };
		B778FE8C256F063E000F5E36 /* MaterialView.swift in Sources */ = {isa = PBXBuildFile; fileRef = B778FE8B256F063E000F5E36 /* MaterialView.swift */; };
		B778FE91256F15DB000F5E36 /* SceneViewLayer.swift in Sources */ = {isa = PBXBuildFile; fileRef = B778FE90256F15DB000F5E36 /* SceneViewLayer.swift */; };
		B778FE94256F181A000F5E36 /* art.scnassets in Resources */ = {isa = PBXBuildFile; fileRef = B778FE93256F181A000F5E36 /* art.scnassets */; };
		B7C3C9DF256EBD59000BA9EE /* AppDelegate.swift in Sources */ = {isa = PBXBuildFile; fileRef = B7C3C9DE256EBD59000BA9EE /* AppDelegate.swift */; };
		B7C3C9E1256EBD59000BA9EE /* SceneDelegate.swift in Sources */ = {isa = PBXBuildFile; fileRef = B7C3C9E0256EBD59000BA9EE /* SceneDelegate.swift */; };
		B7C3C9E3256EBD59000BA9EE /* SettingUser.swift in Sources */ = {isa = PBXBuildFile; fileRef = B7C3C9E2256EBD59000BA9EE /* SettingUser.swift */; };
		B7C3C9E6256EBD59000BA9EE /* SettingUser.storyboard in Resources */ = {isa = PBXBuildFile; fileRef = B7C3C9E4256EBD59000BA9EE /* SettingUser.storyboard */; };
		B7C3C9EB256EBD5B000BA9EE /* LaunchScreen.storyboard in Resources */ = {isa = PBXBuildFile; fileRef = B7C3C9E9256EBD5B000BA9EE /* LaunchScreen.storyboard */; };
		B7D7A48525755D7700D84E75 /* LocationService.swift in Sources */ = {isa = PBXBuildFile; fileRef = B7D7A48425755D7700D84E75 /* LocationService.swift */; };
		B7D7A48825755EB100D84E75 /* SceneKitMap.swift in Sources */ = {isa = PBXBuildFile; fileRef = B7D7A48725755EB100D84E75 /* SceneKitMap.swift */; };
/* End PBXBuildFile section */

/* Begin PBXFileReference section */
		1BC0E89CEF1387857208F54C /* Pods_agentCoronas.framework */ = {isa = PBXFileReference; explicitFileType = wrapper.framework; includeInIndex = 0; path = Pods_agentCoronas.framework; sourceTree = BUILT_PRODUCTS_DIR; };
		B76AC5A325706D4900DD5D30 /* SceneMaps.storyboard */ = {isa = PBXFileReference; lastKnownFileType = file.storyboard; path = SceneMaps.storyboard; sourceTree = "<group>"; };
		B76AC5AA257074BC00DD5D30 /* SceneMapsController.swift */ = {isa = PBXFileReference; lastKnownFileType = sourcecode.swift; path = SceneMapsController.swift; sourceTree = "<group>"; };
		B778FE7D256F02A5000F5E36 /* Assets.xcassets */ = {isa = PBXFileReference; lastKnownFileType = folder.assetcatalog; path = Assets.xcassets; sourceTree = "<group>"; };
		B778FE8B256F063E000F5E36 /* MaterialView.swift */ = {isa = PBXFileReference; lastKnownFileType = sourcecode.swift; path = MaterialView.swift; sourceTree = "<group>"; };
		B778FE90256F15DB000F5E36 /* SceneViewLayer.swift */ = {isa = PBXFileReference; lastKnownFileType = sourcecode.swift; path = SceneViewLayer.swift; sourceTree = "<group>"; };
		B778FE93256F181A000F5E36 /* art.scnassets */ = {isa = PBXFileReference; lastKnownFileType = wrapper.scnassets; path = art.scnassets; sourceTree = "<group>"; };
		B7C3C9DB256EBD59000BA9EE /* agentCoronas.app */ = {isa = PBXFileReference; explicitFileType = wrapper.application; includeInIndex = 0; path = agentCoronas.app; sourceTree = BUILT_PRODUCTS_DIR; };
		B7C3C9DE256EBD59000BA9EE /* AppDelegate.swift */ = {isa = PBXFileReference; lastKnownFileType = sourcecode.swift; path = AppDelegate.swift; sourceTree = "<group>"; };
		B7C3C9E0256EBD59000BA9EE /* SceneDelegate.swift */ = {isa = PBXFileReference; lastKnownFileType = sourcecode.swift; path = SceneDelegate.swift; sourceTree = "<group>"; };
		B7C3C9E2256EBD59000BA9EE /* SettingUser.swift */ = {isa = PBXFileReference; lastKnownFileType = sourcecode.swift; path = SettingUser.swift; sourceTree = "<group>"; };
		B7C3C9E5256EBD59000BA9EE /* Base */ = {isa = PBXFileReference; lastKnownFileType = file.storyboard; name = Base; path = Base.lproj/SettingUser.storyboard; sourceTree = "<group>"; };
		B7C3C9EA256EBD5B000BA9EE /* Base */ = {isa = PBXFileReference; lastKnownFileType = file.storyboard; name = Base; path = Base.lproj/LaunchScreen.storyboard; sourceTree = "<group>"; };
		B7C3C9EC256EBD5B000BA9EE /* Info.plist */ = {isa = PBXFileReference; lastKnownFileType = text.plist.xml; path = Info.plist; sourceTree = "<group>"; };
		B7D7A48425755D7700D84E75 /* LocationService.swift */ = {isa = PBXFileReference; lastKnownFileType = sourcecode.swift; path = LocationService.swift; sourceTree = "<group>"; };
		B7D7A48725755EB100D84E75 /* SceneKitMap.swift */ = {isa = PBXFileReference; lastKnownFileType = sourcecode.swift; path = SceneKitMap.swift; sourceTree = "<group>"; };
		E84CEBD286F8CCF6E187010E /* Pods-agentCoronas.debug.xcconfig */ = {isa = PBXFileReference; includeInIndex = 1; lastKnownFileType = text.xcconfig; name = "Pods-agentCoronas.debug.xcconfig"; path = "Target Support Files/Pods-agentCoronas/Pods-agentCoronas.debug.xcconfig"; sourceTree = "<group>"; };
		E9E6EB2FE744EF9B22B1BA17 /* Pods-agentCoronas.release.xcconfig */ = {isa = PBXFileReference; includeInIndex = 1; lastKnownFileType = text.xcconfig; name = "Pods-agentCoronas.release.xcconfig"; path = "Target Support Files/Pods-agentCoronas/Pods-agentCoronas.release.xcconfig"; sourceTree = "<group>"; };
/* End PBXFileReference section */

/* Begin PBXFrameworksBuildPhase section */
		B7C3C9D8256EBD59000BA9EE /* Frameworks */ = {
			isa = PBXFrameworksBuildPhase;
			buildActionMask = 2147483647;
			files = (
				9F9FA6D754DD0FB89E0B024F /* Pods_agentCoronas.framework in Frameworks */,
			);
			runOnlyForDeploymentPostprocessing = 0;
		};
/* End PBXFrameworksBuildPhase section */

/* Begin PBXGroup section */
		1DE3F983D137C4ED216B2F45 /* Frameworks */ = {
			isa = PBXGroup;
			children = (
				1BC0E89CEF1387857208F54C /* Pods_agentCoronas.framework */,
			);
			name = Frameworks;
			sourceTree = "<group>";
		};
		8F33EB86A373C42E25B223D6 /* Pods */ = {
			isa = PBXGroup;
			children = (
				E84CEBD286F8CCF6E187010E /* Pods-agentCoronas.debug.xcconfig */,
				E9E6EB2FE744EF9B22B1BA17 /* Pods-agentCoronas.release.xcconfig */,
			);
			path = Pods;
			sourceTree = "<group>";
		};
		B76AC59F25706CF400DD5D30 /* SceneMaps */ = {
			isa = PBXGroup;
			children = (
				B76AC5A225706D1E00DD5D30 /* View */,
				B76AC5A125706D1700DD5D30 /* Controller */,
				B76AC5A025706D0E00DD5D30 /* Model */,
			);
			path = SceneMaps;
			sourceTree = "<group>";
		};
		B76AC5A025706D0E00DD5D30 /* Model */ = {
			isa = PBXGroup;
			children = (
			);
			path = Model;
			sourceTree = "<group>";
		};
		B76AC5A125706D1700DD5D30 /* Controller */ = {
			isa = PBXGroup;
			children = (
				B76AC5AA257074BC00DD5D30 /* SceneMapsController.swift */,
				B7D7A48725755EB100D84E75 /* SceneKitMap.swift */,
			);
			path = Controller;
			sourceTree = "<group>";
		};
		B76AC5A225706D1E00DD5D30 /* View */ = {
			isa = PBXGroup;
			children = (
				B76AC5A325706D4900DD5D30 /* SceneMaps.storyboard */,
			);
			path = View;
			sourceTree = "<group>";
		};
		B778FE85256F04B3000F5E36 /* Application */ = {
			isa = PBXGroup;
			children = (
				B778FE8F256F15C3000F5E36 /* SceneView */,
				B778FE8A256F061D000F5E36 /* HelperView */,
				B778FE88256F055C000F5E36 /* Controller */,
				B778FE87256F0554000F5E36 /* View */,
				B778FE86256F054B000F5E36 /* Model */,
			);
			path = Application;
			sourceTree = "<group>";
		};
		B778FE86256F054B000F5E36 /* Model */ = {
			isa = PBXGroup;
			children = (
				B7C3C9DE256EBD59000BA9EE /* AppDelegate.swift */,
				B7C3C9E0256EBD59000BA9EE /* SceneDelegate.swift */,
			);
			path = Model;
			sourceTree = "<group>";
		};
		B778FE87256F0554000F5E36 /* View */ = {
			isa = PBXGroup;
			children = (
				B7C3C9E4256EBD59000BA9EE /* SettingUser.storyboard */,
			);
			path = View;
			sourceTree = "<group>";
		};
		B778FE88256F055C000F5E36 /* Controller */ = {
			isa = PBXGroup;
			children = (
				B7C3C9E2256EBD59000BA9EE /* SettingUser.swift */,
			);
			path = Controller;
			sourceTree = "<group>";
		};
		B778FE8A256F061D000F5E36 /* HelperView */ = {
			isa = PBXGroup;
			children = (
				B778FE8B256F063E000F5E36 /* MaterialView.swift */,
			);
			path = HelperView;
			sourceTree = "<group>";
		};
		B778FE8F256F15C3000F5E36 /* SceneView */ = {
			isa = PBXGroup;
			children = (
				B778FE90256F15DB000F5E36 /* SceneViewLayer.swift */,
			);
			path = SceneView;
			sourceTree = "<group>";
		};
		B7C3C9D2256EBD59000BA9EE = {
			isa = PBXGroup;
			children = (
				B7C3C9DD256EBD59000BA9EE /* agentCoronas */,
				B7C3C9DC256EBD59000BA9EE /* Products */,
				8F33EB86A373C42E25B223D6 /* Pods */,
				1DE3F983D137C4ED216B2F45 /* Frameworks */,
			);
			sourceTree = "<group>";
		};
		B7C3C9DC256EBD59000BA9EE /* Products */ = {
			isa = PBXGroup;
			children = (
				B7C3C9DB256EBD59000BA9EE /* agentCoronas.app */,
			);
			name = Products;
			sourceTree = "<group>";
		};
		B7C3C9DD256EBD59000BA9EE /* agentCoronas */ = {
			isa = PBXGroup;
			children = (
				B7D7A48325755D6500D84E75 /* LocationServie */,
				B76AC59F25706CF400DD5D30 /* SceneMaps */,
				B778FE85256F04B3000F5E36 /* Application */,
				B7C3C9E9256EBD5B000BA9EE /* LaunchScreen.storyboard */,
				B778FE7D256F02A5000F5E36 /* Assets.xcassets */,
				B7C3C9EC256EBD5B000BA9EE /* Info.plist */,
				B778FE93256F181A000F5E36 /* art.scnassets */,
			);
			path = agentCoronas;
			sourceTree = "<group>";
		};
		B7D7A48325755D6500D84E75 /* LocationServie */ = {
			isa = PBXGroup;
			children = (
				B7D7A48425755D7700D84E75 /* LocationService.swift */,
			);
			path = LocationServie;
			sourceTree = "<group>";
		};
/* End PBXGroup section */

/* Begin PBXNativeTarget section */
		B7C3C9DA256EBD59000BA9EE /* agentCoronas */ = {
			isa = PBXNativeTarget;
			buildConfigurationList = B7C3C9EF256EBD5B000BA9EE /* Build configuration list for PBXNativeTarget "agentCoronas" */;
			buildPhases = (
				4CE17D066CC1E02CCAE3F366 /* [CP] Check Pods Manifest.lock */,
				B7C3C9D7256EBD59000BA9EE /* Sources */,
				B7C3C9D8256EBD59000BA9EE /* Frameworks */,
				B7C3C9D9256EBD59000BA9EE /* Resources */,
				A85F934577336C7768642C18 /* [CP] Embed Pods Frameworks */,
			);
			buildRules = (
			);
			dependencies = (
			);
			name = agentCoronas;
			productName = agentCoronas;
			productReference = B7C3C9DB256EBD59000BA9EE /* agentCoronas.app */;
			productType = "com.apple.product-type.application";
		};
/* End PBXNativeTarget section */

/* Begin PBXProject section */
		B7C3C9D3256EBD59000BA9EE /* Project object */ = {
			isa = PBXProject;
			attributes = {
				LastSwiftUpdateCheck = 1200;
				LastUpgradeCheck = 1200;
				TargetAttributes = {
					B7C3C9DA256EBD59000BA9EE = {
						CreatedOnToolsVersion = 12.0.1;
					};
				};
			};
			buildConfigurationList = B7C3C9D6256EBD59000BA9EE /* Build configuration list for PBXProject "agentCoronas" */;
			compatibilityVersion = "Xcode 9.3";
			developmentRegion = en;
			hasScannedForEncodings = 0;
			knownRegions = (
				en,
				Base,
			);
			mainGroup = B7C3C9D2256EBD59000BA9EE;
			productRefGroup = B7C3C9DC256EBD59000BA9EE /* Products */;
			projectDirPath = "";
			projectRoot = "";
			targets = (
				B7C3C9DA256EBD59000BA9EE /* agentCoronas */,
			);
		};
/* End PBXProject section */

/* Begin PBXResourcesBuildPhase section */
		B7C3C9D9256EBD59000BA9EE /* Resources */ = {
			isa = PBXResourcesBuildPhase;
			buildActionMask = 2147483647;
			files = (
				B7C3C9EB256EBD5B000BA9EE /* LaunchScreen.storyboard in Resources */,
				B76AC5A425706D4900DD5D30 /* SceneMaps.storyboard in Resources */,
				B778FE94256F181A000F5E36 /* art.scnassets in Resources */,
				B778FE7E256F02A5000F5E36 /* Assets.xcassets in Resources */,
				B7C3C9E6256EBD59000BA9EE /* SettingUser.storyboard in Resources */,
			);
			runOnlyForDeploymentPostprocessing = 0;
		};
/* End PBXResourcesBuildPhase section */

/* Begin PBXShellScriptBuildPhase section */
		4CE17D066CC1E02CCAE3F366 /* [CP] Check Pods Manifest.lock */ = {
			isa = PBXShellScriptBuildPhase;
			buildActionMask = 2147483647;
			files = (
			);
			inputFileListPaths = (
			);
			inputPaths = (
				"${PODS_PODFILE_DIR_PATH}/Podfile.lock",
				"${PODS_ROOT}/Manifest.lock",
			);
			name = "[CP] Check Pods Manifest.lock";
			outputFileListPaths = (
			);
			outputPaths = (
				"$(DERIVED_FILE_DIR)/Pods-agentCoronas-checkManifestLockResult.txt",
			);
			runOnlyForDeploymentPostprocessing = 0;
			shellPath = /bin/sh;
			shellScript = "diff \"${PODS_PODFILE_DIR_PATH}/Podfile.lock\" \"${PODS_ROOT}/Manifest.lock\" > /dev/null\nif [ $? != 0 ] ; then\n    # print error to STDERR\n    echo \"error: The sandbox is not in sync with the Podfile.lock. Run 'pod install' or update your CocoaPods installation.\" >&2\n    exit 1\nfi\n# This output is used by Xcode 'outputs' to avoid re-running this script phase.\necho \"SUCCESS\" > \"${SCRIPT_OUTPUT_FILE_0}\"\n";
			showEnvVarsInLog = 0;
		};
		A85F934577336C7768642C18 /* [CP] Embed Pods Frameworks */ = {
			isa = PBXShellScriptBuildPhase;
			buildActionMask = 2147483647;
			files = (
			);
			inputFileListPaths = (
				"${PODS_ROOT}/Target Support Files/Pods-agentCoronas/Pods-agentCoronas-frameworks-${CONFIGURATION}-input-files.xcfilelist",
			);
			name = "[CP] Embed Pods Frameworks";
			outputFileListPaths = (
				"${PODS_ROOT}/Target Support Files/Pods-agentCoronas/Pods-agentCoronas-frameworks-${CONFIGURATION}-output-files.xcfilelist",
			);
			runOnlyForDeploymentPostprocessing = 0;
			shellPath = /bin/sh;
			shellScript = "\"${PODS_ROOT}/Target Support Files/Pods-agentCoronas/Pods-agentCoronas-frameworks.sh\"\n";
			showEnvVarsInLog = 0;
		};
/* End PBXShellScriptBuildPhase section */

/* Begin PBXSourcesBuildPhase section */
		B7C3C9D7256EBD59000BA9EE /* Sources */ = {
			isa = PBXSourcesBuildPhase;
			buildActionMask = 2147483647;
			files = (
				B7D7A48825755EB100D84E75 /* SceneKitMap.swift in Sources */,
				B7D7A48525755D7700D84E75 /* LocationService.swift in Sources */,
				B778FE91256F15DB000F5E36 /* SceneViewLayer.swift in Sources */,
				B76AC5AB257074BC00DD5D30 /* SceneMapsController.swift in Sources */,
				B7C3C9E3256EBD59000BA9EE /* SettingUser.swift in Sources */,
				B7C3C9DF256EBD59000BA9EE /* AppDelegate.swift in Sources */,
				B7C3C9E1256EBD59000BA9EE /* SceneDelegate.swift in Sources */,
				B778FE8C256F063E000F5E36 /* MaterialView.swift in Sources */,
			);
			runOnlyForDeploymentPostprocessing = 0;
		};
/* End PBXSourcesBuildPhase section */

/* Begin PBXVariantGroup section */
		B7C3C9E4256EBD59000BA9EE /* SettingUser.storyboard */ = {
			isa = PBXVariantGroup;
			children = (
				B7C3C9E5256EBD59000BA9EE /* Base */,
			);
			name = SettingUser.storyboard;
			sourceTree = "<group>";
		};
		B7C3C9E9256EBD5B000BA9EE /* LaunchScreen.storyboard */ = {
			isa = PBXVariantGroup;
			children = (
				B7C3C9EA256EBD5B000BA9EE /* Base */,
			);
			name = LaunchScreen.storyboard;
			sourceTree = "<group>";
		};
/* End PBXVariantGroup section */

/* Begin XCBuildConfiguration section */
		B7C3C9ED256EBD5B000BA9EE /* Debug */ = {
			isa = XCBuildConfiguration;
			buildSettings = {
				ALWAYS_SEARCH_USER_PATHS = NO;
				CLANG_ANALYZER_NONNULL = YES;
				CLANG_ANALYZER_NUMBER_OBJECT_CONVERSION = YES_AGGRESSIVE;
				CLANG_CXX_LANGUAGE_STANDARD = "gnu++14";
				CLANG_CXX_LIBRARY = "libc++";
				CLANG_ENABLE_MODULES = YES;
				CLANG_ENABLE_OBJC_ARC = YES;
				CLANG_ENABLE_OBJC_WEAK = YES;
				CLANG_WARN_BLOCK_CAPTURE_AUTORELEASING = YES;
				CLANG_WARN_BOOL_CONVERSION = YES;
				CLANG_WARN_COMMA = YES;
				CLANG_WARN_CONSTANT_CONVERSION = YES;
				CLANG_WARN_DEPRECATED_OBJC_IMPLEMENTATIONS = YES;
				CLANG_WARN_DIRECT_OBJC_ISA_USAGE = YES_ERROR;
				CLANG_WARN_DOCUMENTATION_COMMENTS = YES;
				CLANG_WARN_EMPTY_BODY = YES;
				CLANG_WARN_ENUM_CONVERSION = YES;
				CLANG_WARN_INFINITE_RECURSION = YES;
				CLANG_WARN_INT_CONVERSION = YES;
				CLANG_WARN_NON_LITERAL_NULL_CONVERSION = YES;
				CLANG_WARN_OBJC_IMPLICIT_RETAIN_SELF = YES;
				CLANG_WARN_OBJC_LITERAL_CONVERSION = YES;
				CLANG_WARN_OBJC_ROOT_CLASS = YES_ERROR;
				CLANG_WARN_QUOTED_INCLUDE_IN_FRAMEWORK_HEADER = YES;
				CLANG_WARN_RANGE_LOOP_ANALYSIS = YES;
				CLANG_WARN_STRICT_PROTOTYPES = YES;
				CLANG_WARN_SUSPICIOUS_MOVE = YES;
				CLANG_WARN_UNGUARDED_AVAILABILITY = YES_AGGRESSIVE;
				CLANG_WARN_UNREACHABLE_CODE = YES;
				CLANG_WARN__DUPLICATE_METHOD_MATCH = YES;
				COPY_PHASE_STRIP = NO;
				DEBUG_INFORMATION_FORMAT = dwarf;
				ENABLE_STRICT_OBJC_MSGSEND = YES;
				ENABLE_TESTABILITY = YES;
				GCC_C_LANGUAGE_STANDARD = gnu11;
				GCC_DYNAMIC_NO_PIC = NO;
				GCC_NO_COMMON_BLOCKS = YES;
				GCC_OPTIMIZATION_LEVEL = 0;
				GCC_PREPROCESSOR_DEFINITIONS = (
					"DEBUG=1",
					"$(inherited)",
				);
				GCC_WARN_64_TO_32_BIT_CONVERSION = YES;
				GCC_WARN_ABOUT_RETURN_TYPE = YES_ERROR;
				GCC_WARN_UNDECLARED_SELECTOR = YES;
				GCC_WARN_UNINITIALIZED_AUTOS = YES_AGGRESSIVE;
				GCC_WARN_UNUSED_FUNCTION = YES;
				GCC_WARN_UNUSED_VARIABLE = YES;
				IPHONEOS_DEPLOYMENT_TARGET = 14.0;
				MTL_ENABLE_DEBUG_INFO = INCLUDE_SOURCE;
				MTL_FAST_MATH = YES;
				ONLY_ACTIVE_ARCH = YES;
				SDKROOT = iphoneos;
				SWIFT_ACTIVE_COMPILATION_CONDITIONS = DEBUG;
				SWIFT_OPTIMIZATION_LEVEL = "-Onone";
			};
			name = Debug;
		};
		B7C3C9EE256EBD5B000BA9EE /* Release */ = {
			isa = XCBuildConfiguration;
			buildSettings = {
				ALWAYS_SEARCH_USER_PATHS = NO;
				CLANG_ANALYZER_NONNULL = YES;
				CLANG_ANALYZER_NUMBER_OBJECT_CONVERSION = YES_AGGRESSIVE;
				CLANG_CXX_LANGUAGE_STANDARD = "gnu++14";
				CLANG_CXX_LIBRARY = "libc++";
				CLANG_ENABLE_MODULES = YES;
				CLANG_ENABLE_OBJC_ARC = YES;
				CLANG_ENABLE_OBJC_WEAK = YES;
				CLANG_WARN_BLOCK_CAPTURE_AUTORELEASING = YES;
				CLANG_WARN_BOOL_CONVERSION = YES;
				CLANG_WARN_COMMA = YES;
				CLANG_WARN_CONSTANT_CONVERSION = YES;
				CLANG_WARN_DEPRECATED_OBJC_IMPLEMENTATIONS = YES;
				CLANG_WARN_DIRECT_OBJC_ISA_USAGE = YES_ERROR;
				CLANG_WARN_DOCUMENTATION_COMMENTS = YES;
				CLANG_WARN_EMPTY_BODY = YES;
				CLANG_WARN_ENUM_CONVERSION = YES;
				CLANG_WARN_INFINITE_RECURSION = YES;
				CLANG_WARN_INT_CONVERSION = YES;
				CLANG_WARN_NON_LITERAL_NULL_CONVERSION = YES;
				CLANG_WARN_OBJC_IMPLICIT_RETAIN_SELF = YES;
				CLANG_WARN_OBJC_LITERAL_CONVERSION = YES;
				CLANG_WARN_OBJC_ROOT_CLASS = YES_ERROR;
				CLANG_WARN_QUOTED_INCLUDE_IN_FRAMEWORK_HEADER = YES;
				CLANG_WARN_RANGE_LOOP_ANALYSIS = YES;
				CLANG_WARN_STRICT_PROTOTYPES = YES;
				CLANG_WARN_SUSPICIOUS_MOVE = YES;
				CLANG_WARN_UNGUARDED_AVAILABILITY = YES_AGGRESSIVE;
				CLANG_WARN_UNREACHABLE_CODE = YES;
				CLANG_WARN__DUPLICATE_METHOD_MATCH = YES;
				COPY_PHASE_STRIP = NO;
				DEBUG_INFORMATION_FORMAT = "dwarf-with-dsym";
				ENABLE_NS_ASSERTIONS = NO;
				ENABLE_STRICT_OBJC_MSGSEND = YES;
				GCC_C_LANGUAGE_STANDARD = gnu11;
				GCC_NO_COMMON_BLOCKS = YES;
				GCC_WARN_64_TO_32_BIT_CONVERSION = YES;
				GCC_WARN_ABOUT_RETURN_TYPE = YES_ERROR;
				GCC_WARN_UNDECLARED_SELECTOR = YES;
				GCC_WARN_UNINITIALIZED_AUTOS = YES_AGGRESSIVE;
				GCC_WARN_UNUSED_FUNCTION = YES;
				GCC_WARN_UNUSED_VARIABLE = YES;
				IPHONEOS_DEPLOYMENT_TARGET = 14.0;
				MTL_ENABLE_DEBUG_INFO = NO;
				MTL_FAST_MATH = YES;
				SDKROOT = iphoneos;
				SWIFT_COMPILATION_MODE = wholemodule;
				SWIFT_OPTIMIZATION_LEVEL = "-O";
				VALIDATE_PRODUCT = YES;
			};
			name = Release;
		};
		B7C3C9F0256EBD5B000BA9EE /* Debug */ = {
			isa = XCBuildConfiguration;
			baseConfigurationReference = E84CEBD286F8CCF6E187010E /* Pods-agentCoronas.debug.xcconfig */;
			buildSettings = {
				ASSETCATALOG_COMPILER_APPICON_NAME = AppIcon;
				ASSETCATALOG_COMPILER_GLOBAL_ACCENT_COLOR_NAME = AccentColor;
				CODE_SIGN_STYLE = Automatic;
				DEVELOPMENT_TEAM = 9RCKEM6H93;
				INFOPLIST_FILE = agentCoronas/Info.plist;
				IPHONEOS_DEPLOYMENT_TARGET = 13.0;
				LD_RUNPATH_SEARCH_PATHS = (
					"$(inherited)",
					"@executable_path/Frameworks",
				);
				PRODUCT_BUNDLE_IDENTIFIER = brazilec22.hack.org.agentCoronas;
				PRODUCT_NAME = "$(TARGET_NAME)";
				SWIFT_VERSION = 5.0;
				TARGETED_DEVICE_FAMILY = 1;
			};
			name = Debug;
		};
		B7C3C9F1256EBD5B000BA9EE /* Release */ = {
			isa = XCBuildConfiguration;
			baseConfigurationReference = E9E6EB2FE744EF9B22B1BA17 /* Pods-agentCoronas.release.xcconfig */;
			buildSettings = {
				ASSETCATALOG_COMPILER_APPICON_NAME = AppIcon;
				ASSETCATALOG_COMPILER_GLOBAL_ACCENT_COLOR_NAME = AccentColor;
				CODE_SIGN_STYLE = Automatic;
				DEVELOPMENT_TEAM = 9RCKEM6H93;
				INFOPLIST_FILE = agentCoronas/Info.plist;
				IPHONEOS_DEPLOYMENT_TARGET = 13.0;
				LD_RUNPATH_SEARCH_PATHS = (
					"$(inherited)",
					"@executable_path/Frameworks",
				);
				PRODUCT_BUNDLE_IDENTIFIER = brazilec22.hack.org.agentCoronas;
				PRODUCT_NAME = "$(TARGET_NAME)";
				SWIFT_VERSION = 5.0;
				TARGETED_DEVICE_FAMILY = 1;
			};
			name = Release;
		};
/* End XCBuildConfiguration section */

/* Begin XCConfigurationList section */
		B7C3C9D6256EBD59000BA9EE /* Build configuration list for PBXProject "agentCoronas" */ = {
			isa = XCConfigurationList;
			buildConfigurations = (
				B7C3C9ED256EBD5B000BA9EE /* Debug */,
				B7C3C9EE256EBD5B000BA9EE /* Release */,
			);
			defaultConfigurationIsVisible = 0;
			defaultConfigurationName = Release;
		};
		B7C3C9EF256EBD5B000BA9EE /* Build configuration list for PBXNativeTarget "agentCoronas" */ = {
			isa = XCConfigurationList;
			buildConfigurations = (
				B7C3C9F0256EBD5B000BA9EE /* Debug */,
				B7C3C9F1256EBD5B000BA9EE /* Release */,
			);
			defaultConfigurationIsVisible = 0;
			defaultConfigurationName = Release;
		};
/* End XCConfigurationList section */
	};
	rootObject = B7C3C9D3256EBD59000BA9EE /* Project object */;
}
